# THIS IS AN AUTOGENERATED FILE. DO NOT EDIT THIS FILE DIRECTLY.
# yarn lockfile v1


htmx.org@^1.9.8:
  version "1.9.8"
  resolved "https://registry.yarnpkg.com/htmx.org/-/htmx.org-1.9.8.tgz#d811eaec231367e088dbc229782c37bea5347965"
  integrity sha512-eH825QM6yJ1AeHTJgUxy3xnXnP/uXD56x52/VYnQ9CMw+o9H04ar/GY5PHuiZeelsqLK4wkviVdCel7u+3h4Fw==
